{
  "name": "ua-parser-js",
  "version": "0.7.17",
  "lockfileVersion": 1,
  "requires": true,
  "dependencies": {
    "align-text": {
      "version": "0.1.4",
      "resolved": "https://registry.npmjs.org/align-text/-/align-text-0.1.4.tgz",
      "integrity": "sha1-DNkKVhCT810KmSVsIrcGlDP60Rc=",
      "dev": true,
      "requires": {
        "kind-of": "3.2.2",
        "longest": "1.0.1",
        "repeat-string": "1.6.1"
      }
    },
    "async": {
      "version": "0.2.10",
      "resolved": "https://registry.npmjs.org/async/-/async-0.2.10.tgz",
      "integrity": "sha1-trvgsGdLnXGXCMo43owjfLUmw9E=",
      "dev": true
    },
    "balanced-match": {
      "version": "1.0.0",
      "resolved": "https://registry.npmjs.org/balanced-match/-/balanced-match-1.0.0.tgz",
      "integrity": "sha1-ibTRmasr7kneFk6gK4nORi1xt2c=",
      "dev": true
    },
    "brace-expansion": {
      "version": "1.1.8",
      "resolved": "https://registry.npmjs.org/brace-expansion/-/brace-expansion-1.1.8.tgz",
      "integrity": "sha1-wHshHHyVLsH479Uad+8NHTmQopI=",
      "dev": true,
      "requires": {
        "balanced-match": "1.0.0",
        "concat-map": "0.0.1"
      }
    },
    "camelcase": {
      "version": "1.2.1",
      "resolved": "https://registry.npmjs.org/camelcase/-/camelcase-1.2.1.tgz",
      "integrity": "sha1-m7UwTS4LVmmLLHWLCKPqqdqlijk=",
      "dev": true
    },
    "center-align": {
      "version": "0.1.3",
      "resolved": "https://registry.npmjs.org/center-align/-/center-align-0.1.3.tgz",
      "integrity": "sha1-qg0yYptu6XIgBBHL1EYckHvCt60=",
      "dev": true,
      "requires": {
        "align-text": "0.1.4",
        "lazy-cache": "1.0.4"
      }
    },
    "cli": {
      "version": "0.4.5",
      "resolved": "https://registry.npmjs.org/cli/-/cli-0.4.5.tgz",
      "integrity": "sha1-ePlIXNFhtWbppsctcXDEJw6B22E=",
      "dev": true,
      "requires": {
        "glob": "7.1.2"
      }
    },
    "cliui": {
      "version": "2.1.0",
      "resolved": "https://registry.npmjs.org/cliui/-/cliui-2.1.0.tgz",
      "integrity": "sha1-S0dXYP+AJkx2LDoXGQMukcf+oNE=",
      "dev": true,
      "requires": {
        "center-align": "0.1.3",
        "right-align": "0.1.3",
        "wordwrap": "0.0.2"
      }
    },
    "commander": {
      "version": "0.6.1",
      "resolved": "https://registry.npmjs.org/commander/-/commander-0.6.1.tgz",
      "integrity": "sha1-+mihT2qUXVTbvlDYzbMyDp47GgY=",
      "dev": true
    },
    "concat-map": {
      "version": "0.0.1",
      "resolved": "https://registry.npmjs.org/concat-map/-/concat-map-0.0.1.tgz",
      "integrity": "sha1-2Klr13/Wjfd5OnMDajug1UBdR3s=",
      "dev": true
    },
    "debug": {
      "version": "3.1.0",
      "resolved": "https://registry.npmjs.org/debug/-/debug-3.1.0.tgz",
      "integrity": "sha512-OX8XqP7/1a9cqkxYw2yXss15f26NKWBpDXQd0/uK/KPqdQhxbPa994hnzjcE2VqQpDslf55723cKPUOGSmMY3g==",
      "dev": true,
      "requires": {
        "ms": "2.0.0"
      },
      "dependencies": {
        "ms": {
          "version": "2.0.0",
          "resolved": "https://registry.npmjs.org/ms/-/ms-2.0.0.tgz",
          "integrity": "sha1-VgiurfwAvmwpAd9fmGF4jeDVl8g=",
          "dev": true
        }
      }
    },
    "decamelize": {
      "version": "1.2.0",
      "resolved": "https://registry.npmjs.org/decamelize/-/decamelize-1.2.0.tgz",
      "integrity": "sha1-9lNNFRSCabIDUue+4m9QH5oZEpA=",
      "dev": true
    },
    "diff": {
      "version": "1.0.2",
      "resolved": "https://registry.npmjs.org/diff/-/diff-1.0.2.tgz",
      "integrity": "sha1-Suc/Gu6Nb89ITxoc53zmUdm38Mk=",
      "dev": true
    },
    "esprima": {
      "version": "https://github.com/ariya/esprima/tarball/master",
      "integrity": "sha1-C0XMQgDkwwAPPkY1H9aa+FeCIPo=",
      "dev": true
    },
    "fs.realpath": {
      "version": "1.0.0",
      "resolved": "https://registry.npmjs.org/fs.realpath/-/fs.realpath-1.0.0.tgz",
      "integrity": "sha1-FQStJSMVjKpA20onh8sBQRmU6k8=",
      "dev": true
    },
    "glob": {
      "version": "7.1.2",
      "resolved": "https://registry.npmjs.org/glob/-/glob-7.1.2.tgz",
      "integrity": "sha512-MJTUg1kjuLeQCJ+ccE4Vpa6kKVXkPYJ2mOCQyUuKLcLQsdrMCpBPUi8qVE6+YuaJkozeA9NusTAw3hLr8Xe5EQ==",
      "dev": true,
      "requires": {
        "fs.realpath": "1.0.0",
        "inflight": "1.0.6",
        "inherits": "2.0.3",
        "minimatch": "3.0.4",
        "once": "1.4.0",
        "path-is-absolute": "1.0.1"
      },
      "dependencies": {
        "minimatch": {
          "version": "3.0.4",
          "resolved": "https://registry.npmjs.org/minimatch/-/minimatch-3.0.4.tgz",
          "integrity": "sha512-yJHVQEhyqPLUTgt9B83PXu6W3rx4MvvHvSUvToogpwoGDOUQ+yDrR0HRot+yOCdCO7u4hX3pWft6kWBBcqh0UA==",
          "dev": true,
          "requires": {
            "brace-expansion": "1.1.8"
          }
        }
      }
    },
    "growl": {
      "version": "1.7.0",
      "resolved": "https://registry.npmjs.org/growl/-/growl-1.7.0.tgz",
      "integrity": "sha1-3i1mE20ALhErpw8/EMMc98NQsto=",
      "dev": true
    },
    "inflight": {
      "version": "1.0.6",
      "resolved": "https://registry.npmjs.org/inflight/-/inflight-1.0.6.tgz",
      "integrity": "sha1-Sb1jMdfQLQwJvJEKEHW6gWW1bfk=",
      "dev": true,
      "requires": {
        "once": "1.4.0",
        "wrappy": "1.0.2"
      }
    },
    "inherits": {
      "version": "2.0.3",
      "resolved": "https://registry.npmjs.org/inherits/-/inherits-2.0.3.tgz",
      "integrity": "sha1-Yzwsg+PaQqUC9SRmAiSA9CCCYd4=",
      "dev": true
    },
    "is-buffer": {
      "version": "1.1.6",
      "resolved": "https://registry.npmjs.org/is-buffer/-/is-buffer-1.1.6.tgz",
      "integrity": "sha512-NcdALwpXkTm5Zvvbk7owOUSvVvBKDgKP5/ewfXEznmQFfs4ZRmanOeKBTjRVjka3QFoN6XJ+9F3USqfHqTaU5w==",
      "dev": true
    },
    "jade": {
      "version": "0.26.3",
      "resolved": "https://registry.npmjs.org/jade/-/jade-0.26.3.tgz",
      "integrity": "sha1-jxDXl32NefL2/4YqgbBRPMslaGw=",
      "dev": true,
      "requires": {
        "commander": "0.6.1",
        "mkdirp": "0.3.0"
      },
      "dependencies": {
        "mkdirp": {
          "version": "0.3.0",
          "resolved": "https://registry.npmjs.org/mkdirp/-/mkdirp-0.3.0.tgz",
          "integrity": "sha1-G79asbqCevI1dRQ0kEJkVfSB/h4=",
          "dev": true
        }
      }
    },
    "jshint": {
      "version": "1.1.0",
      "resolved": "https://registry.npmjs.org/jshint/-/jshint-1.1.0.tgz",
      "integrity": "sha1-mYe5C4YFVsvH84DVdVoj1QQhNRM=",
      "dev": true,
      "requires": {
        "cli": "0.4.5",
        "esprima": "https://github.com/ariya/esprima/tarball/master",
        "minimatch": "0.4.0",
        "peakle": "0.0.1",
        "shelljs": "0.1.4",
        "underscore": "1.4.4"
      }
    },
    "kind-of": {
      "version": "3.2.2",
      "resolved": "https://registry.npmjs.org/kind-of/-/kind-of-3.2.2.tgz",
      "integrity": "sha1-MeohpzS6ubuw8yRm2JOupR5KPGQ=",
      "dev": true,
      "requires": {
        "is-buffer": "1.1.6"
      }
    },
    "lazy-cache": {
      "version": "1.0.4",
      "resolved": "https://registry.npmjs.org/lazy-cache/-/lazy-cache-1.0.4.tgz",
      "integrity": "sha1-odePw6UEdMuAhF07O24dpJpEbo4=",
      "dev": true
    },
    "longest": {
      "version": "1.0.1",
      "resolved": "https://registry.npmjs.org/longest/-/longest-1.0.1.tgz",
      "integrity": "sha1-MKCy2jj3N3DoKUoNIuZiXtd9AJc=",
      "dev": true
    },
    "lru-cache": {
      "version": "2.7.3",
      "resolved": "https://registry.npmjs.org/lru-cache/-/lru-cache-2.7.3.tgz",
      "integrity": "sha1-bUUk6LlV+V1PW1iFHOId1y+06VI=",
      "dev": true
    },
    "minimatch": {
      "version": "0.4.0",
      "resolved": "https://registry.npmjs.org/minimatch/-/minimatch-0.4.0.tgz",
      "integrity": "sha1-vSx9Bg0sjI/Xzefx8u0tWycP2xs=",
      "dev": true,
      "requires": {
        "lru-cache": "2.7.3",
        "sigmund": "1.0.1"
      }
    },
    "mkdirp": {
      "version": "0.3.3",
      "resolved": "https://registry.npmjs.org/mkdirp/-/mkdirp-0.3.3.tgz",
      "integrity": "sha1-WV4lHBNww6aLqyE20ONIuBBa3xM=",
      "dev": true
    },
    "mocha": {
      "version": "1.8.2",
      "resolved": "https://registry.npmjs.org/mocha/-/mocha-1.8.2.tgz",
      "integrity": "sha1-+2sdB9mPLrpBhUaETDvgcx9145A=",
      "dev": true,
      "requires": {
        "commander": "0.6.1",
        "debug": "3.1.0",
        "diff": "1.0.2",
        "growl": "1.7.0",
        "jade": "0.26.3",
        "mkdirp": "0.3.3",
        "ms": "0.3.0"
      }
    },
    "ms": {
      "version": "0.3.0",
      "resolved": "https://registry.npmjs.org/ms/-/ms-0.3.0.tgz",
      "integrity": "sha1-A+3DSNYT5mpWSGz9rFO8vomcvWE=",
      "dev": true
    },
    "once": {
      "version": "1.4.0",
      "resolved": "https://registry.npmjs.org/once/-/once-1.4.0.tgz",
      "integrity": "sha1-WDsap3WWHUsROsF9nFC6753Xa9E=",
      "dev": true,
      "requires": {
        "wrappy": "1.0.2"
      }
    },
    "path-is-absolute": {
      "version": "1.0.1",
      "resolved": "https://registry.npmjs.org/path-is-absolute/-/path-is-absolute-1.0.1.tgz",
      "integrity": "sha1-F0uSaHNVNP+8es5r9TpanhtcX18=",
      "dev": true
    },
    "peakle": {
      "version": "0.0.1",
      "resolved": "https://registry.npmjs.org/peakle/-/peakle-0.0.1.tgz",
      "integrity": "sha1-KGRF1qdzPxfcJzUB4uA5n0G4kOA=",
      "dev": true
    },
    "repeat-string": {
      "version": "1.6.1",
      "resolved": "https://registry.npmjs.org/repeat-string/-/repeat-string-1.6.1.tgz",
      "integrity": "sha1-jcrkcOHIirwtYA//Sndihtp15jc=",
      "dev": true
    },
    "requirejs": {
      "version": "2.3.5",
      "resolved": "https://registry.npmjs.org/requirejs/-/requirejs-2.3.5.tgz",
      "integrity": "sha512-svnO+aNcR/an9Dpi44C7KSAy5fFGLtmPbaaCeQaklUz8BQhS64tWWIIlvEA5jrWICzlO/X9KSzSeXFnZdBu8nw==",
      "dev": true
    },
    "right-align": {
      "version": "0.1.3",
      "resolved": "https://registry.npmjs.org/right-align/-/right-align-0.1.3.tgz",
      "integrity": "sha1-YTObci/mo1FWiSENJOFMlhSGE+8=",
      "dev": true,
      "requires": {
        "align-text": "0.1.4"
      }
    },
    "shelljs": {
      "version": "0.1.4",
      "resolved": "https://registry.npmjs.org/shelljs/-/shelljs-0.1.4.tgz",
      "integrity": "sha1-37vnjVbDwBaNL7eeEOzR28sH7A4=",
      "dev": true
    },
    "sigmund": {
      "version": "1.0.1",
      "resolved": "https://registry.npmjs.org/sigmund/-/sigmund-1.0.1.tgz",
      "integrity": "sha1-P/IfGYytIXX587eBhT/ZTQ0ZtZA=",
      "dev": true
    },
    "source-map": {
      "version": "0.5.7",
      "resolved": "https://registry.npmjs.org/source-map/-/source-map-0.5.7.tgz",
      "integrity": "sha1-igOdLRAh0i0eoUyA2OpGi6LvP8w=",
      "dev": true
    },
    "uglify-js": {
      "version": "2.7.5",
      "resolved": "https://registry.npmjs.org/uglify-js/-/uglify-js-2.7.5.tgz",
      "integrity": "sha1-RhLAx7qu4rp8SH3kkErhIgefLKg=",
      "dev": true,
      "requires": {
        "async": "0.2.10",
        "source-map": "0.5.7",
        "uglify-to-browserify": "1.0.2",
        "yargs": "3.10.0"
      }
    },
    "uglify-to-browserify": {
      "version": "1.0.2",
      "resolved": "https://registry.npmjs.org/uglify-to-browserify/-/uglify-to-browserify-1.0.2.tgz",
      "integrity": "sha1-bgkk1r2mta/jSeOabWMoUKD4grc=",
      "dev": true
    },
    "underscore": {
      "version": "1.4.4",
      "resolved": "https://registry.npmjs.org/underscore/-/underscore-1.4.4.tgz",
      "integrity": "sha1-YaajIBBiKvoHljvzJSA88SI51gQ=",
      "dev": true
    },
    "verup": {
      "version": "1.4.1",
      "resolved": "https://registry.npmjs.org/verup/-/verup-1.4.1.tgz",
      "integrity": "sha1-7vYZjKZ27AlbkUA/GmVe/OuZa5w=",
      "dev": true
    },
    "window-size": {
      "version": "0.1.0",
      "resolved": "https://registry.npmjs.org/window-size/-/window-size-0.1.0.tgz",
      "integrity": "sha1-VDjNLqk7IC76Ohn+iIeu58lPnJ0=",
      "dev": true
    },
    "wordwrap": {
      "version": "0.0.2",
      "resolved": "https://registry.npmjs.org/wordwrap/-/wordwrap-0.0.2.tgz",
      "integrity": "sha1-t5Zpu0LstAn4PVg8rVLKF+qhZD8=",
      "dev": true
    },
    "wrappy": {
      "version": "1.0.2",
      "resolved": "https://registry.npmjs.org/wrappy/-/wrappy-1.0.2.tgz",
      "integrity": "sha1-tSQ9jz7BqjXxNkYFvA0QNuMKtp8=",
      "dev": true
    },
    "yargs": {
      "version": "3.10.0",
      "resolved": "https://registry.npmjs.org/yargs/-/yargs-3.10.0.tgz",
      "integrity": "sha1-9+572FfdfB0tOMDnTvvWgdFDH9E=",
      "dev": true,
      "requires": {
        "camelcase": "1.2.1",
        "cliui": "2.1.0",
        "decamelize": "1.2.0",
        "window-size": "0.1.0"
      }
    }
  }
}
